
Microsoft Visual Studio Solution File, Format Version 12.00
# Visual Studio Version 16
VisualStudioVersion = 16.0.30804.86
MinimumVisualStudioVersion = 10.0.40219.1
Project("{FAE04EC0-301F-11D3-BF4B-00C04F79EFBC}") = "H1School_CarWAshSystem", "H1School_CarWAshSystem\H1School_CarWAshSystem.csproj", "{3FAFEEC7-2869-4FBE-A6CB-A62EA8E3BAE5}"
EndProject
Global
	GlobalSection(SolutionConfigurationPlatforms) = preSolution
		Debug|Any CPU = Debug|Any CPU
		Release|Any CPU = Release|Any CPU
	EndGlobalSection
	GlobalSection(ProjectConfigurationPlatforms) = postSolution
		{3FAFEEC7-2869-4FBE-A6CB-A62EA8E3BAE5}.Debug|Any CPU.ActiveCfg = Debug|Any CPU
		{3FAFEEC7-2869-4FBE-A6CB-A62EA8E3BAE5}.Debug|Any CPU.Build.0 = Debug|Any CPU
		{3FAFEEC7-2869-4FBE-A6CB-A62EA8E3BAE5}.Release|Any CPU.ActiveCfg = Release|Any CPU
		{3FAFEEC7-2869-4FBE-A6CB-A62EA8E3BAE5}.Release|Any CPU.Build.0 = Release|Any CPU
	EndGlobalSection
	GlobalSection(SolutionProperties) = preSolution
		HideSolutionNode = FALSE
	EndGlobalSection
	GlobalSection(ExtensibilityGlobals) = postSolution
		SolutionGuid = {F1C666C5-0496-4751-BFAF-823B338F6892}
	EndGlobalSection
EndGlobal
